
Microsoft Visual Studio Solution File, Format Version 12.00
# Visual Studio Version 17
VisualStudioVersion = 17.9.34622.214
MinimumVisualStudioVersion = 10.0.40219.1
Project("{FAE04EC0-301F-11D3-BF4B-00C04F79EFBC}") = "DungeonO", "DungeonO\DungeonO.csproj", "{13E95D9A-29D1-4701-AAA3-7E994E52BB4B}"
EndProject
Global
	GlobalSection(SolutionConfigurationPlatforms) = preSolution
		Debug|Any CPU = Debug|Any CPU
		Release|Any CPU = Release|Any CPU
	EndGlobalSection
	GlobalSection(ProjectConfigurationPlatforms) = postSolution
		{13E95D9A-29D1-4701-AAA3-7E994E52BB4B}.Debug|Any CPU.ActiveCfg = Debug|Any CPU
		{13E95D9A-29D1-4701-AAA3-7E994E52BB4B}.Debug|Any CPU.Build.0 = Debug|Any CPU
		{13E95D9A-29D1-4701-AAA3-7E994E52BB4B}.Release|Any CPU.ActiveCfg = Release|Any CPU
		{13E95D9A-29D1-4701-AAA3-7E994E52BB4B}.Release|Any CPU.Build.0 = Release|Any CPU
	EndGlobalSection
	GlobalSection(SolutionProperties) = preSolution
		HideSolutionNode = FALSE
	EndGlobalSection
	GlobalSection(ExtensibilityGlobals) = postSolution
		SolutionGuid = {85020547-0DAE-453C-8F11-07C2AC576F9F}
	EndGlobalSection
EndGlobal
